// !$*UTF8*$!
{
	archiveVersion = 1;
	classes = {
	};
	objectVersion = 56;
	objects = {

/* Begin PBXBuildFile section */
		35860B8A2C4CFCA8001603E7 /* Swift_LabApp.swift in Sources */ = {isa = PBXBuildFile; fileRef = 35860B892C4CFCA8001603E7 /* Swift_LabApp.swift */; };
		35860B8C2C4CFCA8001603E7 /* ContentView.swift in Sources */ = {isa = PBXBuildFile; fileRef = 35860B8B2C4CFCA8001603E7 /* ContentView.swift */; };
		35860B8E2C4CFCAA001603E7 /* Assets.xcassets in Resources */ = {isa = PBXBuildFile; fileRef = 35860B8D2C4CFCAA001603E7 /* Assets.xcassets */; };
		35860B912C4CFCAA001603E7 /* Preview Assets.xcassets in Resources */ = {isa = PBXBuildFile; fileRef = 35860B902C4CFCAA001603E7 /* Preview Assets.xcassets */; };
		35860B9B2C4CFCAA001603E7 /* Swift_LabTests.swift in Sources */ = {isa = PBXBuildFile; fileRef = 35860B9A2C4CFCAA001603E7 /* Swift_LabTests.swift */; };
		35860BA52C4CFCAA001603E7 /* Swift_LabUITests.swift in Sources */ = {isa = PBXBuildFile; fileRef = 35860BA42C4CFCAA001603E7 /* Swift_LabUITests.swift */; };
		35860BA72C4CFCAA001603E7 /* Swift_LabUITestsLaunchTests.swift in Sources */ = {isa = PBXBuildFile; fileRef = 35860BA62C4CFCAA001603E7 /* Swift_LabUITestsLaunchTests.swift */; };
		35860BB42C4CFCC6001603E7 /* HapticImageView.swift in Sources */ = {isa = PBXBuildFile; fileRef = 35860BB32C4CFCC6001603E7 /* HapticImageView.swift */; };
		35860BB72C4D087C001603E7 /* PressableModifier.swift in Sources */ = {isa = PBXBuildFile; fileRef = 35860BB62C4D087C001603E7 /* PressableModifier.swift */; };
		35FC10E22C4E572100BF3B45 /* SquareGridView.swift in Sources */ = {isa = PBXBuildFile; fileRef = 35FC10E12C4E572100BF3B45 /* SquareGridView.swift */; };
/* End PBXBuildFile section */

/* Begin PBXContainerItemProxy section */
		35860B972C4CFCAA001603E7 /* PBXContainerItemProxy */ = {
			isa = PBXContainerItemProxy;
			containerPortal = 35860B7E2C4CFCA8001603E7 /* Project object */;
			proxyType = 1;
			remoteGlobalIDString = 35860B852C4CFCA8001603E7;
			remoteInfo = "Swift Lab";
		};
		35860BA12C4CFCAA001603E7 /* PBXContainerItemProxy */ = {
			isa = PBXContainerItemProxy;
			containerPortal = 35860B7E2C4CFCA8001603E7 /* Project object */;
			proxyType = 1;
			remoteGlobalIDString = 35860B852C4CFCA8001603E7;
			remoteInfo = "Swift Lab";
		};
/* End PBXContainerItemProxy section */

/* Begin PBXFileReference section */
		35860B862C4CFCA8001603E7 /* Swift Lab.app */ = {isa = PBXFileReference; explicitFileType = wrapper.application; includeInIndex = 0; path = "Swift Lab.app"; sourceTree = BUILT_PRODUCTS_DIR; };
		35860B892C4CFCA8001603E7 /* Swift_LabApp.swift */ = {isa = PBXFileReference; lastKnownFileType = sourcecode.swift; path = Swift_LabApp.swift; sourceTree = "<group>"; };
		35860B8B2C4CFCA8001603E7 /* ContentView.swift */ = {isa = PBXFileReference; lastKnownFileType = sourcecode.swift; path = ContentView.swift; sourceTree = "<group>"; };
		35860B8D2C4CFCAA001603E7 /* Assets.xcassets */ = {isa = PBXFileReference; lastKnownFileType = folder.assetcatalog; path = Assets.xcassets; sourceTree = "<group>"; };
		35860B902C4CFCAA001603E7 /* Preview Assets.xcassets */ = {isa = PBXFileReference; lastKnownFileType = folder.assetcatalog; path = "Preview Assets.xcassets"; sourceTree = "<group>"; };
		35860B962C4CFCAA001603E7 /* Swift LabTests.xctest */ = {isa = PBXFileReference; explicitFileType = wrapper.cfbundle; includeInIndex = 0; path = "Swift LabTests.xctest"; sourceTree = BUILT_PRODUCTS_DIR; };
		35860B9A2C4CFCAA001603E7 /* Swift_LabTests.swift */ = {isa = PBXFileReference; lastKnownFileType = sourcecode.swift; path = Swift_LabTests.swift; sourceTree = "<group>"; };
		35860BA02C4CFCAA001603E7 /* Swift LabUITests.xctest */ = {isa = PBXFileReference; explicitFileType = wrapper.cfbundle; includeInIndex = 0; path = "Swift LabUITests.xctest"; sourceTree = BUILT_PRODUCTS_DIR; };
		35860BA42C4CFCAA001603E7 /* Swift_LabUITests.swift */ = {isa = PBXFileReference; lastKnownFileType = sourcecode.swift; path = Swift_LabUITests.swift; sourceTree = "<group>"; };
		35860BA62C4CFCAA001603E7 /* Swift_LabUITestsLaunchTests.swift */ = {isa = PBXFileReference; lastKnownFileType = sourcecode.swift; path = Swift_LabUITestsLaunchTests.swift; sourceTree = "<group>"; };
		35860BB32C4CFCC6001603E7 /* HapticImageView.swift */ = {isa = PBXFileReference; lastKnownFileType = sourcecode.swift; path = HapticImageView.swift; sourceTree = "<group>"; };
		35860BB62C4D087C001603E7 /* PressableModifier.swift */ = {isa = PBXFileReference; lastKnownFileType = sourcecode.swift; path = PressableModifier.swift; sourceTree = "<group>"; };
		35FC10E12C4E572100BF3B45 /* SquareGridView.swift */ = {isa = PBXFileReference; lastKnownFileType = sourcecode.swift; path = SquareGridView.swift; sourceTree = "<group>"; };
/* End PBXFileReference section */

/* Begin PBXFrameworksBuildPhase section */
		35860B832C4CFCA8001603E7 /* Frameworks */ = {
			isa = PBXFrameworksBuildPhase;
			buildActionMask = 2147483647;
			files = (
			);
			runOnlyForDeploymentPostprocessing = 0;
		};
		35860B932C4CFCAA001603E7 /* Frameworks */ = {
			isa = PBXFrameworksBuildPhase;
			buildActionMask = 2147483647;
			files = (
			);
			runOnlyForDeploymentPostprocessing = 0;
		};
		35860B9D2C4CFCAA001603E7 /* Frameworks */ = {
			isa = PBXFrameworksBuildPhase;
			buildActionMask = 2147483647;
			files = (
			);
			runOnlyForDeploymentPostprocessing = 0;
		};
/* End PBXFrameworksBuildPhase section */

/* Begin PBXGroup section */
		35860B7D2C4CFCA8001603E7 = {
			isa = PBXGroup;
			children = (
				35860B882C4CFCA8001603E7 /* Swift Lab */,
				35860B992C4CFCAA001603E7 /* Swift LabTests */,
				35860BA32C4CFCAA001603E7 /* Swift LabUITests */,
				35860B872C4CFCA8001603E7 /* Products */,
			);
			sourceTree = "<group>";
		};
		35860B872C4CFCA8001603E7 /* Products */ = {
			isa = PBXGroup;
			children = (
				35860B862C4CFCA8001603E7 /* Swift Lab.app */,
				35860B962C4CFCAA001603E7 /* Swift LabTests.xctest */,
				35860BA02C4CFCAA001603E7 /* Swift LabUITests.xctest */,
			);
			name = Products;
			sourceTree = "<group>";
		};
		35860B882C4CFCA8001603E7 /* Swift Lab */ = {
			isa = PBXGroup;
			children = (
				35FC10E02C4E570800BF3B45 /* Views */,
				35860BB52C4D0859001603E7 /* Modifiers */,
				35860B892C4CFCA8001603E7 /* Swift_LabApp.swift */,
				35860B8B2C4CFCA8001603E7 /* ContentView.swift */,
				35860B8D2C4CFCAA001603E7 /* Assets.xcassets */,
				35860B8F2C4CFCAA001603E7 /* Preview Content */,
			);
			path = "Swift Lab";
			sourceTree = "<group>";
		};
		35860B8F2C4CFCAA001603E7 /* Preview Content */ = {
			isa = PBXGroup;
			children = (
				35860B902C4CFCAA001603E7 /* Preview Assets.xcassets */,
			);
			path = "Preview Content";
			sourceTree = "<group>";
		};
		35860B992C4CFCAA001603E7 /* Swift LabTests */ = {
			isa = PBXGroup;
			children = (
				35860B9A2C4CFCAA001603E7 /* Swift_LabTests.swift */,
			);
			path = "Swift LabTests";
			sourceTree = "<group>";
		};
		35860BA32C4CFCAA001603E7 /* Swift LabUITests */ = {
			isa = PBXGroup;
			children = (
				35860BA42C4CFCAA001603E7 /* Swift_LabUITests.swift */,
				35860BA62C4CFCAA001603E7 /* Swift_LabUITestsLaunchTests.swift */,
			);
			path = "Swift LabUITests";
			sourceTree = "<group>";
		};
		35860BB52C4D0859001603E7 /* Modifiers */ = {
			isa = PBXGroup;
			children = (
				35860BB62C4D087C001603E7 /* PressableModifier.swift */,
			);
			path = Modifiers;
			sourceTree = "<group>";
		};
		35FC10E02C4E570800BF3B45 /* Views */ = {
			isa = PBXGroup;
			children = (
				35860BB32C4CFCC6001603E7 /* HapticImageView.swift */,
				35FC10E12C4E572100BF3B45 /* SquareGridView.swift */,
			);
			path = Views;
			sourceTree = "<group>";
		};
/* End PBXGroup section */

/* Begin PBXNativeTarget section */
		35860B852C4CFCA8001603E7 /* Swift Lab */ = {
			isa = PBXNativeTarget;
			buildConfigurationList = 35860BAA2C4CFCAA001603E7 /* Build configuration list for PBXNativeTarget "Swift Lab" */;
			buildPhases = (
				35860B822C4CFCA8001603E7 /* Sources */,
				35860B832C4CFCA8001603E7 /* Frameworks */,
				35860B842C4CFCA8001603E7 /* Resources */,
			);
			buildRules = (
			);
			dependencies = (
			);
			name = "Swift Lab";
			productName = "Swift Lab";
			productReference = 35860B862C4CFCA8001603E7 /* Swift Lab.app */;
			productType = "com.apple.product-type.application";
		};
		35860B952C4CFCAA001603E7 /* Swift LabTests */ = {
			isa = PBXNativeTarget;
			buildConfigurationList = 35860BAD2C4CFCAA001603E7 /* Build configuration list for PBXNativeTarget "Swift LabTests" */;
			buildPhases = (
				35860B922C4CFCAA001603E7 /* Sources */,
				35860B932C4CFCAA001603E7 /* Frameworks */,
				35860B942C4CFCAA001603E7 /* Resources */,
			);
			buildRules = (
			);
			dependencies = (
				35860B982C4CFCAA001603E7 /* PBXTargetDependency */,
			);
			name = "Swift LabTests";
			productName = "Swift LabTests";
			productReference = 35860B962C4CFCAA001603E7 /* Swift LabTests.xctest */;
			productType = "com.apple.product-type.bundle.unit-test";
		};
		35860B9F2C4CFCAA001603E7 /* Swift LabUITests */ = {
			isa = PBXNativeTarget;
			buildConfigurationList = 35860BB02C4CFCAA001603E7 /* Build configuration list for PBXNativeTarget "Swift LabUITests" */;
			buildPhases = (
				35860B9C2C4CFCAA001603E7 /* Sources */,
				35860B9D2C4CFCAA001603E7 /* Frameworks */,
				35860B9E2C4CFCAA001603E7 /* Resources */,
			);
			buildRules = (
			);
			dependencies = (
				35860BA22C4CFCAA001603E7 /* PBXTargetDependency */,
			);
			name = "Swift LabUITests";
			productName = "Swift LabUITests";
			productReference = 35860BA02C4CFCAA001603E7 /* Swift LabUITests.xctest */;
			productType = "com.apple.product-type.bundle.ui-testing";
		};
/* End PBXNativeTarget section */

/* Begin PBXProject section */
		35860B7E2C4CFCA8001603E7 /* Project object */ = {
			isa = PBXProject;
			attributes = {
				BuildIndependentTargetsInParallel = 1;
				LastSwiftUpdateCheck = 1540;
				LastUpgradeCheck = 1540;
				TargetAttributes = {
					35860B852C4CFCA8001603E7 = {
						CreatedOnToolsVersion = 15.4;
					};
					35860B952C4CFCAA001603E7 = {
						CreatedOnToolsVersion = 15.4;
						TestTargetID = 35860B852C4CFCA8001603E7;
					};
					35860B9F2C4CFCAA001603E7 = {
						CreatedOnToolsVersion = 15.4;
						TestTargetID = 35860B852C4CFCA8001603E7;
					};
				};
			};
			buildConfigurationList = 35860B812C4CFCA8001603E7 /* Build configuration list for PBXProject "Swift Lab" */;
			compatibilityVersion = "Xcode 14.0";
			developmentRegion = en;
			hasScannedForEncodings = 0;
			knownRegions = (
				en,
				Base,
			);
			mainGroup = 35860B7D2C4CFCA8001603E7;
			productRefGroup = 35860B872C4CFCA8001603E7 /* Products */;
			projectDirPath = "";
			projectRoot = "";
			targets = (
				35860B852C4CFCA8001603E7 /* Swift Lab */,
				35860B952C4CFCAA001603E7 /* Swift LabTests */,
				35860B9F2C4CFCAA001603E7 /* Swift LabUITests */,
			);
		};
/* End PBXProject section */

/* Begin PBXResourcesBuildPhase section */
		35860B842C4CFCA8001603E7 /* Resources */ = {
			isa = PBXResourcesBuildPhase;
			buildActionMask = 2147483647;
			files = (
				35860B912C4CFCAA001603E7 /* Preview Assets.xcassets in Resources */,
				35860B8E2C4CFCAA001603E7 /* Assets.xcassets in Resources */,
			);
			runOnlyForDeploymentPostprocessing = 0;
		};
		35860B942C4CFCAA001603E7 /* Resources */ = {
			isa = PBXResourcesBuildPhase;
			buildActionMask = 2147483647;
			files = (
			);
			runOnlyForDeploymentPostprocessing = 0;
		};
		35860B9E2C4CFCAA001603E7 /* Resources */ = {
			isa = PBXResourcesBuildPhase;
			buildActionMask = 2147483647;
			files = (
			);
			runOnlyForDeploymentPostprocessing = 0;
		};
/* End PBXResourcesBuildPhase section */

/* Begin PBXSourcesBuildPhase section */
		35860B822C4CFCA8001603E7 /* Sources */ = {
			isa = PBXSourcesBuildPhase;
			buildActionMask = 2147483647;
			files = (
				35860BB42C4CFCC6001603E7 /* HapticImageView.swift in Sources */,
				35860B8C2C4CFCA8001603E7 /* ContentView.swift in Sources */,
				35860BB72C4D087C001603E7 /* PressableModifier.swift in Sources */,
				35FC10E22C4E572100BF3B45 /* SquareGridView.swift in Sources */,
				35860B8A2C4CFCA8001603E7 /* Swift_LabApp.swift in Sources */,
			);
			runOnlyForDeploymentPostprocessing = 0;
		};
		35860B922C4CFCAA001603E7 /* Sources */ = {
			isa = PBXSourcesBuildPhase;
			buildActionMask = 2147483647;
			files = (
				35860B9B2C4CFCAA001603E7 /* Swift_LabTests.swift in Sources */,
			);
			runOnlyForDeploymentPostprocessing = 0;
		};
		35860B9C2C4CFCAA001603E7 /* Sources */ = {
			isa = PBXSourcesBuildPhase;
			buildActionMask = 2147483647;
			files = (
				35860BA72C4CFCAA001603E7 /* Swift_LabUITestsLaunchTests.swift in Sources */,
				35860BA52C4CFCAA001603E7 /* Swift_LabUITests.swift in Sources */,
			);
			runOnlyForDeploymentPostprocessing = 0;
		};
/* End PBXSourcesBuildPhase section */

/* Begin PBXTargetDependency section */
		35860B982C4CFCAA001603E7 /* PBXTargetDependency */ = {
			isa = PBXTargetDependency;
			target = 35860B852C4CFCA8001603E7 /* Swift Lab */;
			targetProxy = 35860B972C4CFCAA001603E7 /* PBXContainerItemProxy */;
		};
		35860BA22C4CFCAA001603E7 /* PBXTargetDependency */ = {
			isa = PBXTargetDependency;
			target = 35860B852C4CFCA8001603E7 /* Swift Lab */;
			targetProxy = 35860BA12C4CFCAA001603E7 /* PBXContainerItemProxy */;
		};
/* End PBXTargetDependency section */

/* Begin XCBuildConfiguration section */
		35860BA82C4CFCAA001603E7 /* Debug */ = {
			isa = XCBuildConfiguration;
			buildSettings = {
				ALWAYS_SEARCH_USER_PATHS = NO;
				ASSETCATALOG_COMPILER_GENERATE_SWIFT_ASSET_SYMBOL_EXTENSIONS = YES;
				CLANG_ANALYZER_NONNULL = YES;
				CLANG_ANALYZER_NUMBER_OBJECT_CONVERSION = YES_AGGRESSIVE;
				CLANG_CXX_LANGUAGE_STANDARD = "gnu++20";
				CLANG_ENABLE_MODULES = YES;
				CLANG_ENABLE_OBJC_ARC = YES;
				CLANG_ENABLE_OBJC_WEAK = YES;
				CLANG_WARN_BLOCK_CAPTURE_AUTORELEASING = YES;
				CLANG_WARN_BOOL_CONVERSION = YES;
				CLANG_WARN_COMMA = YES;
				CLANG_WARN_CONSTANT_CONVERSION = YES;
				CLANG_WARN_DEPRECATED_OBJC_IMPLEMENTATIONS = YES;
				CLANG_WARN_DIRECT_OBJC_ISA_USAGE = YES_ERROR;
				CLANG_WARN_DOCUMENTATION_COMMENTS = YES;
				CLANG_WARN_EMPTY_BODY = YES;
				CLANG_WARN_ENUM_CONVERSION = YES;
				CLANG_WARN_INFINITE_RECURSION = YES;
				CLANG_WARN_INT_CONVERSION = YES;
				CLANG_WARN_NON_LITERAL_NULL_CONVERSION = YES;
				CLANG_WARN_OBJC_IMPLICIT_RETAIN_SELF = YES;
				CLANG_WARN_OBJC_LITERAL_CONVERSION = YES;
				CLANG_WARN_OBJC_ROOT_CLASS = YES_ERROR;
				CLANG_WARN_QUOTED_INCLUDE_IN_FRAMEWORK_HEADER = YES;
				CLANG_WARN_RANGE_LOOP_ANALYSIS = YES;
				CLANG_WARN_STRICT_PROTOTYPES = YES;
				CLANG_WARN_SUSPICIOUS_MOVE = YES;
				CLANG_WARN_UNGUARDED_AVAILABILITY = YES_AGGRESSIVE;
				CLANG_WARN_UNREACHABLE_CODE = YES;
				CLANG_WARN__DUPLICATE_METHOD_MATCH = YES;
				COPY_PHASE_STRIP = NO;
				DEBUG_INFORMATION_FORMAT = dwarf;
				ENABLE_STRICT_OBJC_MSGSEND = YES;
				ENABLE_TESTABILITY = YES;
				ENABLE_USER_SCRIPT_SANDBOXING = YES;
				GCC_C_LANGUAGE_STANDARD = gnu17;
				GCC_DYNAMIC_NO_PIC = NO;
				GCC_NO_COMMON_BLOCKS = YES;
				GCC_OPTIMIZATION_LEVEL = 0;
				GCC_PREPROCESSOR_DEFINITIONS = (
					"DEBUG=1",
					"$(inherited)",
				);
				GCC_WARN_64_TO_32_BIT_CONVERSION = YES;
				GCC_WARN_ABOUT_RETURN_TYPE = YES_ERROR;
				GCC_WARN_UNDECLARED_SELECTOR = YES;
				GCC_WARN_UNINITIALIZED_AUTOS = YES_AGGRESSIVE;
				GCC_WARN_UNUSED_FUNCTION = YES;
				GCC_WARN_UNUSED_VARIABLE = YES;
				IPHONEOS_DEPLOYMENT_TARGET = 17.5;
				LOCALIZATION_PREFERS_STRING_CATALOGS = YES;
				MTL_ENABLE_DEBUG_INFO = INCLUDE_SOURCE;
				MTL_FAST_MATH = YES;
				ONLY_ACTIVE_ARCH = YES;
				SDKROOT = iphoneos;
				SWIFT_ACTIVE_COMPILATION_CONDITIONS = "DEBUG $(inherited)";
				SWIFT_OPTIMIZATION_LEVEL = "-Onone";
			};
			name = Debug;
		};
		35860BA92C4CFCAA001603E7 /* Release */ = {
			isa = XCBuildConfiguration;
			buildSettings = {
				ALWAYS_SEARCH_USER_PATHS = NO;
				ASSETCATALOG_COMPILER_GENERATE_SWIFT_ASSET_SYMBOL_EXTENSIONS = YES;
				CLANG_ANALYZER_NONNULL = YES;
				CLANG_ANALYZER_NUMBER_OBJECT_CONVERSION = YES_AGGRESSIVE;
				CLANG_CXX_LANGUAGE_STANDARD = "gnu++20";
				CLANG_ENABLE_MODULES = YES;
				CLANG_ENABLE_OBJC_ARC = YES;
				CLANG_ENABLE_OBJC_WEAK = YES;
				CLANG_WARN_BLOCK_CAPTURE_AUTORELEASING = YES;
				CLANG_WARN_BOOL_CONVERSION = YES;
				CLANG_WARN_COMMA = YES;
				CLANG_WARN_CONSTANT_CONVERSION = YES;
				CLANG_WARN_DEPRECATED_OBJC_IMPLEMENTATIONS = YES;
				CLANG_WARN_DIRECT_OBJC_ISA_USAGE = YES_ERROR;
				CLANG_WARN_DOCUMENTATION_COMMENTS = YES;
				CLANG_WARN_EMPTY_BODY = YES;
				CLANG_WARN_ENUM_CONVERSION = YES;
				CLANG_WARN_INFINITE_RECURSION = YES;
				CLANG_WARN_INT_CONVERSION = YES;
				CLANG_WARN_NON_LITERAL_NULL_CONVERSION = YES;
				CLANG_WARN_OBJC_IMPLICIT_RETAIN_SELF = YES;
				CLANG_WARN_OBJC_LITERAL_CONVERSION = YES;
				CLANG_WARN_OBJC_ROOT_CLASS = YES_ERROR;
				CLANG_WARN_QUOTED_INCLUDE_IN_FRAMEWORK_HEADER = YES;
				CLANG_WARN_RANGE_LOOP_ANALYSIS = YES;
				CLANG_WARN_STRICT_PROTOTYPES = YES;
				CLANG_WARN_SUSPICIOUS_MOVE = YES;
				CLANG_WARN_UNGUARDED_AVAILABILITY = YES_AGGRESSIVE;
				CLANG_WARN_UNREACHABLE_CODE = YES;
				CLANG_WARN__DUPLICATE_METHOD_MATCH = YES;
				COPY_PHASE_STRIP = NO;
				DEBUG_INFORMATION_FORMAT = "dwarf-with-dsym";
				ENABLE_NS_ASSERTIONS = NO;
				ENABLE_STRICT_OBJC_MSGSEND = YES;
				ENABLE_USER_SCRIPT_SANDBOXING = YES;
				GCC_C_LANGUAGE_STANDARD = gnu17;
				GCC_NO_COMMON_BLOCKS = YES;
				GCC_WARN_64_TO_32_BIT_CONVERSION = YES;
				GCC_WARN_ABOUT_RETURN_TYPE = YES_ERROR;
				GCC_WARN_UNDECLARED_SELECTOR = YES;
				GCC_WARN_UNINITIALIZED_AUTOS = YES_AGGRESSIVE;
				GCC_WARN_UNUSED_FUNCTION = YES;
				GCC_WARN_UNUSED_VARIABLE = YES;
				IPHONEOS_DEPLOYMENT_TARGET = 17.5;
				LOCALIZATION_PREFERS_STRING_CATALOGS = YES;
				MTL_ENABLE_DEBUG_INFO = NO;
				MTL_FAST_MATH = YES;
				SDKROOT = iphoneos;
				SWIFT_COMPILATION_MODE = wholemodule;
				VALIDATE_PRODUCT = YES;
			};
			name = Release;
		};
		35860BAB2C4CFCAA001603E7 /* Debug */ = {
			isa = XCBuildConfiguration;
			buildSettings = {
				ASSETCATALOG_COMPILER_APPICON_NAME = AppIcon;
				ASSETCATALOG_COMPILER_GLOBAL_ACCENT_COLOR_NAME = AccentColor;
				CODE_SIGN_STYLE = Automatic;
				CURRENT_PROJECT_VERSION = 1;
				DEVELOPMENT_ASSET_PATHS = "\"Swift Lab/Preview Content\"";
				DEVELOPMENT_TEAM = 2L228K3KB4;
				ENABLE_PREVIEWS = YES;
				GENERATE_INFOPLIST_FILE = YES;
				INFOPLIST_KEY_UIApplicationSceneManifest_Generation = YES;
				INFOPLIST_KEY_UIApplicationSupportsIndirectInputEvents = YES;
				INFOPLIST_KEY_UILaunchScreen_Generation = YES;
				INFOPLIST_KEY_UISupportedInterfaceOrientations_iPad = "UIInterfaceOrientationPortrait UIInterfaceOrientationPortraitUpsideDown UIInterfaceOrientationLandscapeLeft UIInterfaceOrientationLandscapeRight";
				INFOPLIST_KEY_UISupportedInterfaceOrientations_iPhone = "UIInterfaceOrientationPortrait UIInterfaceOrientationLandscapeLeft UIInterfaceOrientationLandscapeRight";
				LD_RUNPATH_SEARCH_PATHS = (
					"$(inherited)",
					"@executable_path/Frameworks",
				);
				MARKETING_VERSION = 1.0;
				PRODUCT_BUNDLE_IDENTIFIER = "xyz.hill.Swift-Lab";
				PRODUCT_NAME = "$(TARGET_NAME)";
				SWIFT_EMIT_LOC_STRINGS = YES;
				SWIFT_VERSION = 5.0;
				TARGETED_DEVICE_FAMILY = "1,2";
			};
			name = Debug;
		};
		35860BAC2C4CFCAA001603E7 /* Release */ = {
			isa = XCBuildConfiguration;
			buildSettings = {
				ASSETCATALOG_COMPILER_APPICON_NAME = AppIcon;
				ASSETCATALOG_COMPILER_GLOBAL_ACCENT_COLOR_NAME = AccentColor;
				CODE_SIGN_STYLE = Automatic;
				CURRENT_PROJECT_VERSION = 1;
				DEVELOPMENT_ASSET_PATHS = "\"Swift Lab/Preview Content\"";
				DEVELOPMENT_TEAM = 2L228K3KB4;
				ENABLE_PREVIEWS = YES;
				GENERATE_INFOPLIST_FILE = YES;
				INFOPLIST_KEY_UIApplicationSceneManifest_Generation = YES;
				INFOPLIST_KEY_UIApplicationSupportsIndirectInputEvents = YES;
				INFOPLIST_KEY_UILaunchScreen_Generation = YES;
				INFOPLIST_KEY_UISupportedInterfaceOrientations_iPad = "UIInterfaceOrientationPortrait UIInterfaceOrientationPortraitUpsideDown UIInterfaceOrientationLandscapeLeft UIInterfaceOrientationLandscapeRight";
				INFOPLIST_KEY_UISupportedInterfaceOrientations_iPhone = "UIInterfaceOrientationPortrait UIInterfaceOrientationLandscapeLeft UIInterfaceOrientationLandscapeRight";
				LD_RUNPATH_SEARCH_PATHS = (
					"$(inherited)",
					"@executable_path/Frameworks",
				);
				MARKETING_VERSION = 1.0;
				PRODUCT_BUNDLE_IDENTIFIER = "xyz.hill.Swift-Lab";
				PRODUCT_NAME = "$(TARGET_NAME)";
				SWIFT_EMIT_LOC_STRINGS = YES;
				SWIFT_VERSION = 5.0;
				TARGETED_DEVICE_FAMILY = "1,2";
			};
			name = Release;
		};
		35860BAE2C4CFCAA001603E7 /* Debug */ = {
			isa = XCBuildConfiguration;
			buildSettings = {
				ALWAYS_EMBED_SWIFT_STANDARD_LIBRARIES = YES;
				BUNDLE_LOADER = "$(TEST_HOST)";
				CODE_SIGN_STYLE = Automatic;
				CURRENT_PROJECT_VERSION = 1;
				DEVELOPMENT_TEAM = 2L228K3KB4;
				GENERATE_INFOPLIST_FILE = YES;
				IPHONEOS_DEPLOYMENT_TARGET = 17.5;
				MARKETING_VERSION = 1.0;
				PRODUCT_BUNDLE_IDENTIFIER = "xyz.hill.Swift-LabTests";
				PRODUCT_NAME = "$(TARGET_NAME)";
				SWIFT_EMIT_LOC_STRINGS = NO;
				SWIFT_VERSION = 5.0;
				TARGETED_DEVICE_FAMILY = "1,2";
				TEST_HOST = "$(BUILT_PRODUCTS_DIR)/Swift Lab.app/$(BUNDLE_EXECUTABLE_FOLDER_PATH)/Swift Lab";
			};
			name = Debug;
		};
		35860BAF2C4CFCAA001603E7 /* Release */ = {
			isa = XCBuildConfiguration;
			buildSettings = {
				ALWAYS_EMBED_SWIFT_STANDARD_LIBRARIES = YES;
				BUNDLE_LOADER = "$(TEST_HOST)";
				CODE_SIGN_STYLE = Automatic;
				CURRENT_PROJECT_VERSION = 1;
				DEVELOPMENT_TEAM = 2L228K3KB4;
				GENERATE_INFOPLIST_FILE = YES;
				IPHONEOS_DEPLOYMENT_TARGET = 17.5;
				MARKETING_VERSION = 1.0;
				PRODUCT_BUNDLE_IDENTIFIER = "xyz.hill.Swift-LabTests";
				PRODUCT_NAME = "$(TARGET_NAME)";
				SWIFT_EMIT_LOC_STRINGS = NO;
				SWIFT_VERSION = 5.0;
				TARGETED_DEVICE_FAMILY = "1,2";
				TEST_HOST = "$(BUILT_PRODUCTS_DIR)/Swift Lab.app/$(BUNDLE_EXECUTABLE_FOLDER_PATH)/Swift Lab";
			};
			name = Release;
		};
		35860BB12C4CFCAA001603E7 /* Debug */ = {
			isa = XCBuildConfiguration;
			buildSettings = {
				ALWAYS_EMBED_SWIFT_STANDARD_LIBRARIES = YES;
				CODE_SIGN_STYLE = Automatic;
				CURRENT_PROJECT_VERSION = 1;
				DEVELOPMENT_TEAM = 2L228K3KB4;
				GENERATE_INFOPLIST_FILE = YES;
				MARKETING_VERSION = 1.0;
				PRODUCT_BUNDLE_IDENTIFIER = "xyz.hill.Swift-LabUITests";
				PRODUCT_NAME = "$(TARGET_NAME)";
				SWIFT_EMIT_LOC_STRINGS = NO;
				SWIFT_VERSION = 5.0;
				TARGETED_DEVICE_FAMILY = "1,2";
				TEST_TARGET_NAME = "Swift Lab";
			};
			name = Debug;
		};
		35860BB22C4CFCAA001603E7 /* Release */ = {
			isa = XCBuildConfiguration;
			buildSettings = {
				ALWAYS_EMBED_SWIFT_STANDARD_LIBRARIES = YES;
				CODE_SIGN_STYLE = Automatic;
				CURRENT_PROJECT_VERSION = 1;
				DEVELOPMENT_TEAM = 2L228K3KB4;
				GENERATE_INFOPLIST_FILE = YES;
				MARKETING_VERSION = 1.0;
				PRODUCT_BUNDLE_IDENTIFIER = "xyz.hill.Swift-LabUITests";
				PRODUCT_NAME = "$(TARGET_NAME)";
				SWIFT_EMIT_LOC_STRINGS = NO;
				SWIFT_VERSION = 5.0;
				TARGETED_DEVICE_FAMILY = "1,2";
				TEST_TARGET_NAME = "Swift Lab";
			};
			name = Release;
		};
/* End XCBuildConfiguration section */

/* Begin XCConfigurationList section */
		35860B812C4CFCA8001603E7 /* Build configuration list for PBXProject "Swift Lab" */ = {
			isa = XCConfigurationList;
			buildConfigurations = (
				35860BA82C4CFCAA001603E7 /* Debug */,
				35860BA92C4CFCAA001603E7 /* Release */,
			);
			defaultConfigurationIsVisible = 0;
			defaultConfigurationName = Release;
		};
		35860BAA2C4CFCAA001603E7 /* Build configuration list for PBXNativeTarget "Swift Lab" */ = {
			isa = XCConfigurationList;
			buildConfigurations = (
				35860BAB2C4CFCAA001603E7 /* Debug */,
				35860BAC2C4CFCAA001603E7 /* Release */,
			);
			defaultConfigurationIsVisible = 0;
			defaultConfigurationName = Release;
		};
		35860BAD2C4CFCAA001603E7 /* Build configuration list for PBXNativeTarget "Swift LabTests" */ = {
			isa = XCConfigurationList;
			buildConfigurations = (
				35860BAE2C4CFCAA001603E7 /* Debug */,
				35860BAF2C4CFCAA001603E7 /* Release */,
			);
			defaultConfigurationIsVisible = 0;
			defaultConfigurationName = Release;
		};
		35860BB02C4CFCAA001603E7 /* Build configuration list for PBXNativeTarget "Swift LabUITests" */ = {
			isa = XCConfigurationList;
			buildConfigurations = (
				35860BB12C4CFCAA001603E7 /* Debug */,
				35860BB22C4CFCAA001603E7 /* Release */,
			);
			defaultConfigurationIsVisible = 0;
			defaultConfigurationName = Release;
		};
/* End XCConfigurationList section */
	};
	rootObject = 35860B7E2C4CFCA8001603E7 /* Project object */;
}
